
Microsoft Visual Studio Solution File, Format Version 12.00
# Visual Studio Version 16
VisualStudioVersion = 16.0.30517.126
MinimumVisualStudioVersion = 10.0.40219.1
Project("{FAE04EC0-301F-11D3-BF4B-00C04F79EFBC}") = "EAD.Server", "EAD\Server\EAD.Server.csproj", "{1C02FD41-64D9-4929-AFDE-0CB33A47F59F}"
EndProject
Project("{FAE04EC0-301F-11D3-BF4B-00C04F79EFBC}") = "EAD.Client", "EAD\Client\EAD.Client.csproj", "{0CAE8142-31A0-48EB-8BBD-2176645B0CA7}"
EndProject
Project("{FAE04EC0-301F-11D3-BF4B-00C04F79EFBC}") = "EAD.Shared", "EAD\Shared\EAD.Shared.csproj", "{97069F01-8DA1-4728-8B83-2AC0879E8F84}"
EndProject
Global
	GlobalSection(SolutionConfigurationPlatforms) = preSolution
		Debug|Any CPU = Debug|Any CPU
		Release|Any CPU = Release|Any CPU
	EndGlobalSection
	GlobalSection(ProjectConfigurationPlatforms) = postSolution
		{1C02FD41-64D9-4929-AFDE-0CB33A47F59F}.Debug|Any CPU.ActiveCfg = Debug|Any CPU
		{1C02FD41-64D9-4929-AFDE-0CB33A47F59F}.Debug|Any CPU.Build.0 = Debug|Any CPU
		{1C02FD41-64D9-4929-AFDE-0CB33A47F59F}.Release|Any CPU.ActiveCfg = Release|Any CPU
		{1C02FD41-64D9-4929-AFDE-0CB33A47F59F}.Release|Any CPU.Build.0 = Release|Any CPU
		{0CAE8142-31A0-48EB-8BBD-2176645B0CA7}.Debug|Any CPU.ActiveCfg = Debug|Any CPU
		{0CAE8142-31A0-48EB-8BBD-2176645B0CA7}.Debug|Any CPU.Build.0 = Debug|Any CPU
		{0CAE8142-31A0-48EB-8BBD-2176645B0CA7}.Release|Any CPU.ActiveCfg = Release|Any CPU
		{0CAE8142-31A0-48EB-8BBD-2176645B0CA7}.Release|Any CPU.Build.0 = Release|Any CPU
		{97069F01-8DA1-4728-8B83-2AC0879E8F84}.Debug|Any CPU.ActiveCfg = Debug|Any CPU
		{97069F01-8DA1-4728-8B83-2AC0879E8F84}.Debug|Any CPU.Build.0 = Debug|Any CPU
		{97069F01-8DA1-4728-8B83-2AC0879E8F84}.Release|Any CPU.ActiveCfg = Release|Any CPU
		{97069F01-8DA1-4728-8B83-2AC0879E8F84}.Release|Any CPU.Build.0 = Release|Any CPU
	EndGlobalSection
	GlobalSection(SolutionProperties) = preSolution
		HideSolutionNode = FALSE
	EndGlobalSection
	GlobalSection(ExtensibilityGlobals) = postSolution
		SolutionGuid = {756E77E9-F5A8-48FA-8F2A-AE2822AC4E14}
	EndGlobalSection
EndGlobal
